
Microsoft Visual Studio Solution File, Format Version 12.00
# Visual Studio 15
VisualStudioVersion = 15.0.28307.1259
MinimumVisualStudioVersion = 10.0.40219.1
Project("{FAE04EC0-301F-11D3-BF4B-00C04F79EFBC}") = "Tetris", "Tetris\Tetris.csproj", "{A629F484-32DC-4E6A-8154-4F6432F0366A}"
EndProject
Global
	GlobalSection(SolutionConfigurationPlatforms) = preSolution
		Debug|Any CPU = Debug|Any CPU
		Release|Any CPU = Release|Any CPU
	EndGlobalSection
	GlobalSection(ProjectConfigurationPlatforms) = postSolution
		{A629F484-32DC-4E6A-8154-4F6432F0366A}.Debug|Any CPU.ActiveCfg = Debug|Any CPU
		{A629F484-32DC-4E6A-8154-4F6432F0366A}.Debug|Any CPU.Build.0 = Debug|Any CPU
		{A629F484-32DC-4E6A-8154-4F6432F0366A}.Release|Any CPU.ActiveCfg = Release|Any CPU
		{A629F484-32DC-4E6A-8154-4F6432F0366A}.Release|Any CPU.Build.0 = Release|Any CPU
	EndGlobalSection
	GlobalSection(SolutionProperties) = preSolution
		HideSolutionNode = FALSE
	EndGlobalSection
	GlobalSection(ExtensibilityGlobals) = postSolution
		SolutionGuid = {04507C82-47A5-43B0-ACD1-7B7A35EFEFAF}
	EndGlobalSection
EndGlobal
